
Microsoft Visual Studio Solution File, Format Version 12.00
# Visual Studio Version 16
VisualStudioVersion = 16.0.29728.190
MinimumVisualStudioVersion = 10.0.40219.1
Project("{FAE04EC0-301F-11D3-BF4B-00C04F79EFBC}") = "(P) PokeApi", "(P) PokeApi\(P) PokeApi.csproj", "{BF567D18-FF9C-4C42-A2C1-534FE3CD8B5B}"
EndProject
Global
	GlobalSection(SolutionConfigurationPlatforms) = preSolution
		Debug|Any CPU = Debug|Any CPU
		Release|Any CPU = Release|Any CPU
	EndGlobalSection
	GlobalSection(ProjectConfigurationPlatforms) = postSolution
		{BF567D18-FF9C-4C42-A2C1-534FE3CD8B5B}.Debug|Any CPU.ActiveCfg = Debug|Any CPU
		{BF567D18-FF9C-4C42-A2C1-534FE3CD8B5B}.Debug|Any CPU.Build.0 = Debug|Any CPU
		{BF567D18-FF9C-4C42-A2C1-534FE3CD8B5B}.Release|Any CPU.ActiveCfg = Release|Any CPU
		{BF567D18-FF9C-4C42-A2C1-534FE3CD8B5B}.Release|Any CPU.Build.0 = Release|Any CPU
	EndGlobalSection
	GlobalSection(SolutionProperties) = preSolution
		HideSolutionNode = FALSE
	EndGlobalSection
	GlobalSection(ExtensibilityGlobals) = postSolution
		SolutionGuid = {1BB79CD5-4085-43B0-B1B5-886331F780DD}
	EndGlobalSection
EndGlobal
